
Microsoft Visual Studio Solution File, Format Version 12.00
# Visual Studio 14
VisualStudioVersion = 14.0.25420.1
MinimumVisualStudioVersion = 10.0.40219.1
Project("{FAE04EC0-301F-11D3-BF4B-00C04F79EFBC}") = "WebApplication1", "WebApplication1\WebApplication1.csproj", "{00945BC7-B013-42F5-B5B2-91D6DB4BE1D3}"
EndProject
Project("{FAE04EC0-301F-11D3-BF4B-00C04F79EFBC}") = "DeviceClientAmqpSample", "DeviceClientAmqpSample\DeviceClientAmqpSample.csproj", "{F6DB48E4-F076-4CEA-88CC-EF7FBC869FCA}"
EndProject
Project("{FAE04EC0-301F-11D3-BF4B-00C04F79EFBC}") = "ValravnClient", "ValravnClient\ValravnClient.csproj", "{18D46760-A8FA-41BF-BDEC-0BCB2B2DE59F}"
EndProject
Project("{A07B5EB6-E848-4116-A8D0-A826331D98C6}") = "Valravn.SFSol", "..\..\..\..\..\..\Projects\Valravn\Valravn\Valravn.SFSol.sfproj", "{D27A4FFC-EF52-42D1-A5AE-F39E1E753107}"
EndProject
Project("{FAE04EC0-301F-11D3-BF4B-00C04F79EFBC}") = "Valravn.SFFrontEnd", "..\..\..\..\..\..\Projects\Valravn\ValravnFrontEnd\Valravn.SFFrontEnd.csproj", "{97A1FE61-5CCC-436C-AAF2-B1B3E5642029}"
EndProject
Project("{FAE04EC0-301F-11D3-BF4B-00C04F79EFBC}") = "Valravn.SLSvcProj", "..\..\..\..\..\..\Projects\Valravn\ValravnSvc\Valravn.SLSvcProj.csproj", "{844657BF-DC56-41FC-B9DA-A74C21793485}"
EndProject
Global
	GlobalSection(SolutionConfigurationPlatforms) = preSolution
		Debug|Any CPU = Debug|Any CPU
		Debug|ARM = Debug|ARM
		Debug|x64 = Debug|x64
		Debug|x86 = Debug|x86
		Release_Delay_Sign|Any CPU = Release_Delay_Sign|Any CPU
		Release_Delay_Sign|ARM = Release_Delay_Sign|ARM
		Release_Delay_Sign|x64 = Release_Delay_Sign|x64
		Release_Delay_Sign|x86 = Release_Delay_Sign|x86
		Release|Any CPU = Release|Any CPU
		Release|ARM = Release|ARM
		Release|x64 = Release|x64
		Release|x86 = Release|x86
	EndGlobalSection
	GlobalSection(ProjectConfigurationPlatforms) = postSolution
		{00945BC7-B013-42F5-B5B2-91D6DB4BE1D3}.Debug|Any CPU.ActiveCfg = Debug|Any CPU
		{00945BC7-B013-42F5-B5B2-91D6DB4BE1D3}.Debug|Any CPU.Build.0 = Debug|Any CPU
		{00945BC7-B013-42F5-B5B2-91D6DB4BE1D3}.Debug|ARM.ActiveCfg = Debug|Any CPU
		{00945BC7-B013-42F5-B5B2-91D6DB4BE1D3}.Debug|ARM.Build.0 = Debug|Any CPU
		{00945BC7-B013-42F5-B5B2-91D6DB4BE1D3}.Debug|x64.ActiveCfg = Debug|Any CPU
		{00945BC7-B013-42F5-B5B2-91D6DB4BE1D3}.Debug|x64.Build.0 = Debug|Any CPU
		{00945BC7-B013-42F5-B5B2-91D6DB4BE1D3}.Debug|x86.ActiveCfg = Debug|Any CPU
		{00945BC7-B013-42F5-B5B2-91D6DB4BE1D3}.Debug|x86.Build.0 = Debug|Any CPU
		{00945BC7-B013-42F5-B5B2-91D6DB4BE1D3}.Release_Delay_Sign|Any CPU.ActiveCfg = Release|Any CPU
		{00945BC7-B013-42F5-B5B2-91D6DB4BE1D3}.Release_Delay_Sign|Any CPU.Build.0 = Release|Any CPU
		{00945BC7-B013-42F5-B5B2-91D6DB4BE1D3}.Release_Delay_Sign|ARM.ActiveCfg = Release|Any CPU
		{00945BC7-B013-42F5-B5B2-91D6DB4BE1D3}.Release_Delay_Sign|ARM.Build.0 = Release|Any CPU
		{00945BC7-B013-42F5-B5B2-91D6DB4BE1D3}.Release_Delay_Sign|x64.ActiveCfg = Release|Any CPU
		{00945BC7-B013-42F5-B5B2-91D6DB4BE1D3}.Release_Delay_Sign|x64.Build.0 = Release|Any CPU
		{00945BC7-B013-42F5-B5B2-91D6DB4BE1D3}.Release_Delay_Sign|x86.ActiveCfg = Release|Any CPU
		{00945BC7-B013-42F5-B5B2-91D6DB4BE1D3}.Release_Delay_Sign|x86.Build.0 = Release|Any CPU
		{00945BC7-B013-42F5-B5B2-91D6DB4BE1D3}.Release|Any CPU.ActiveCfg = Release|Any CPU
		{00945BC7-B013-42F5-B5B2-91D6DB4BE1D3}.Release|Any CPU.Build.0 = Release|Any CPU
		{00945BC7-B013-42F5-B5B2-91D6DB4BE1D3}.Release|ARM.ActiveCfg = Release|Any CPU
		{00945BC7-B013-42F5-B5B2-91D6DB4BE1D3}.Release|ARM.Build.0 = Release|Any CPU
		{00945BC7-B013-42F5-B5B2-91D6DB4BE1D3}.Release|x64.ActiveCfg = Release|Any CPU
		{00945BC7-B013-42F5-B5B2-91D6DB4BE1D3}.Release|x64.Build.0 = Release|Any CPU
		{00945BC7-B013-42F5-B5B2-91D6DB4BE1D3}.Release|x86.ActiveCfg = Release|Any CPU
		{00945BC7-B013-42F5-B5B2-91D6DB4BE1D3}.Release|x86.Build.0 = Release|Any CPU
		{F6DB48E4-F076-4CEA-88CC-EF7FBC869FCA}.Debug|Any CPU.ActiveCfg = Debug|Any CPU
		{F6DB48E4-F076-4CEA-88CC-EF7FBC869FCA}.Debug|Any CPU.Build.0 = Debug|Any CPU
		{F6DB48E4-F076-4CEA-88CC-EF7FBC869FCA}.Debug|ARM.ActiveCfg = Debug|Any CPU
		{F6DB48E4-F076-4CEA-88CC-EF7FBC869FCA}.Debug|ARM.Build.0 = Debug|Any CPU
		{F6DB48E4-F076-4CEA-88CC-EF7FBC869FCA}.Debug|x64.ActiveCfg = Debug|Any CPU
		{F6DB48E4-F076-4CEA-88CC-EF7FBC869FCA}.Debug|x64.Build.0 = Debug|Any CPU
		{F6DB48E4-F076-4CEA-88CC-EF7FBC869FCA}.Debug|x86.ActiveCfg = Debug|Any CPU
		{F6DB48E4-F076-4CEA-88CC-EF7FBC869FCA}.Debug|x86.Build.0 = Debug|Any CPU
		{F6DB48E4-F076-4CEA-88CC-EF7FBC869FCA}.Release_Delay_Sign|Any CPU.ActiveCfg = Release_Delay_Sign|Any CPU
		{F6DB48E4-F076-4CEA-88CC-EF7FBC869FCA}.Release_Delay_Sign|Any CPU.Build.0 = Release_Delay_Sign|Any CPU
		{F6DB48E4-F076-4CEA-88CC-EF7FBC869FCA}.Release_Delay_Sign|ARM.ActiveCfg = Release_Delay_Sign|Any CPU
		{F6DB48E4-F076-4CEA-88CC-EF7FBC869FCA}.Release_Delay_Sign|ARM.Build.0 = Release_Delay_Sign|Any CPU
		{F6DB48E4-F076-4CEA-88CC-EF7FBC869FCA}.Release_Delay_Sign|x64.ActiveCfg = Release_Delay_Sign|Any CPU
		{F6DB48E4-F076-4CEA-88CC-EF7FBC869FCA}.Release_Delay_Sign|x64.Build.0 = Release_Delay_Sign|Any CPU
		{F6DB48E4-F076-4CEA-88CC-EF7FBC869FCA}.Release_Delay_Sign|x86.ActiveCfg = Release_Delay_Sign|Any CPU
		{F6DB48E4-F076-4CEA-88CC-EF7FBC869FCA}.Release_Delay_Sign|x86.Build.0 = Release_Delay_Sign|Any CPU
		{F6DB48E4-F076-4CEA-88CC-EF7FBC869FCA}.Release|Any CPU.ActiveCfg = Release|Any CPU
		{F6DB48E4-F076-4CEA-88CC-EF7FBC869FCA}.Release|Any CPU.Build.0 = Release|Any CPU
		{F6DB48E4-F076-4CEA-88CC-EF7FBC869FCA}.Release|ARM.ActiveCfg = Release|Any CPU
		{F6DB48E4-F076-4CEA-88CC-EF7FBC869FCA}.Release|ARM.Build.0 = Release|Any CPU
		{F6DB48E4-F076-4CEA-88CC-EF7FBC869FCA}.Release|x64.ActiveCfg = Release|Any CPU
		{F6DB48E4-F076-4CEA-88CC-EF7FBC869FCA}.Release|x64.Build.0 = Release|Any CPU
		{F6DB48E4-F076-4CEA-88CC-EF7FBC869FCA}.Release|x86.ActiveCfg = Release|Any CPU
		{F6DB48E4-F076-4CEA-88CC-EF7FBC869FCA}.Release|x86.Build.0 = Release|Any CPU
		{18D46760-A8FA-41BF-BDEC-0BCB2B2DE59F}.Debug|Any CPU.ActiveCfg = Debug|x86
		{18D46760-A8FA-41BF-BDEC-0BCB2B2DE59F}.Debug|ARM.ActiveCfg = Debug|ARM
		{18D46760-A8FA-41BF-BDEC-0BCB2B2DE59F}.Debug|ARM.Build.0 = Debug|ARM
		{18D46760-A8FA-41BF-BDEC-0BCB2B2DE59F}.Debug|ARM.Deploy.0 = Debug|ARM
		{18D46760-A8FA-41BF-BDEC-0BCB2B2DE59F}.Debug|x64.ActiveCfg = Debug|x64
		{18D46760-A8FA-41BF-BDEC-0BCB2B2DE59F}.Debug|x64.Build.0 = Debug|x64
		{18D46760-A8FA-41BF-BDEC-0BCB2B2DE59F}.Debug|x64.Deploy.0 = Debug|x64
		{18D46760-A8FA-41BF-BDEC-0BCB2B2DE59F}.Debug|x86.ActiveCfg = Debug|x86
		{18D46760-A8FA-41BF-BDEC-0BCB2B2DE59F}.Debug|x86.Build.0 = Debug|x86
		{18D46760-A8FA-41BF-BDEC-0BCB2B2DE59F}.Debug|x86.Deploy.0 = Debug|x86
		{18D46760-A8FA-41BF-BDEC-0BCB2B2DE59F}.Release_Delay_Sign|Any CPU.ActiveCfg = Release|x64
		{18D46760-A8FA-41BF-BDEC-0BCB2B2DE59F}.Release_Delay_Sign|Any CPU.Build.0 = Release|x64
		{18D46760-A8FA-41BF-BDEC-0BCB2B2DE59F}.Release_Delay_Sign|Any CPU.Deploy.0 = Release|x64
		{18D46760-A8FA-41BF-BDEC-0BCB2B2DE59F}.Release_Delay_Sign|ARM.ActiveCfg = Release|ARM
		{18D46760-A8FA-41BF-BDEC-0BCB2B2DE59F}.Release_Delay_Sign|ARM.Build.0 = Release|ARM
		{18D46760-A8FA-41BF-BDEC-0BCB2B2DE59F}.Release_Delay_Sign|ARM.Deploy.0 = Release|ARM
		{18D46760-A8FA-41BF-BDEC-0BCB2B2DE59F}.Release_Delay_Sign|x64.ActiveCfg = Release|x64
		{18D46760-A8FA-41BF-BDEC-0BCB2B2DE59F}.Release_Delay_Sign|x64.Build.0 = Release|x64
		{18D46760-A8FA-41BF-BDEC-0BCB2B2DE59F}.Release_Delay_Sign|x64.Deploy.0 = Release|x64
		{18D46760-A8FA-41BF-BDEC-0BCB2B2DE59F}.Release_Delay_Sign|x86.ActiveCfg = Release|x86
		{18D46760-A8FA-41BF-BDEC-0BCB2B2DE59F}.Release_Delay_Sign|x86.Build.0 = Release|x86
		{18D46760-A8FA-41BF-BDEC-0BCB2B2DE59F}.Release_Delay_Sign|x86.Deploy.0 = Release|x86
		{18D46760-A8FA-41BF-BDEC-0BCB2B2DE59F}.Release|Any CPU.ActiveCfg = Release|x86
		{18D46760-A8FA-41BF-BDEC-0BCB2B2DE59F}.Release|ARM.ActiveCfg = Release|ARM
		{18D46760-A8FA-41BF-BDEC-0BCB2B2DE59F}.Release|ARM.Build.0 = Release|ARM
		{18D46760-A8FA-41BF-BDEC-0BCB2B2DE59F}.Release|ARM.Deploy.0 = Release|ARM
		{18D46760-A8FA-41BF-BDEC-0BCB2B2DE59F}.Release|x64.ActiveCfg = Release|x64
		{18D46760-A8FA-41BF-BDEC-0BCB2B2DE59F}.Release|x64.Build.0 = Release|x64
		{18D46760-A8FA-41BF-BDEC-0BCB2B2DE59F}.Release|x64.Deploy.0 = Release|x64
		{18D46760-A8FA-41BF-BDEC-0BCB2B2DE59F}.Release|x86.ActiveCfg = Release|x86
		{18D46760-A8FA-41BF-BDEC-0BCB2B2DE59F}.Release|x86.Build.0 = Release|x86
		{18D46760-A8FA-41BF-BDEC-0BCB2B2DE59F}.Release|x86.Deploy.0 = Release|x86
		{D27A4FFC-EF52-42D1-A5AE-F39E1E753107}.Debug|Any CPU.ActiveCfg = Debug|x64
		{D27A4FFC-EF52-42D1-A5AE-F39E1E753107}.Debug|ARM.ActiveCfg = Debug|x64
		{D27A4FFC-EF52-42D1-A5AE-F39E1E753107}.Debug|x64.ActiveCfg = Debug|x64
		{D27A4FFC-EF52-42D1-A5AE-F39E1E753107}.Debug|x64.Build.0 = Debug|x64
		{D27A4FFC-EF52-42D1-A5AE-F39E1E753107}.Debug|x64.Deploy.0 = Debug|x64
		{D27A4FFC-EF52-42D1-A5AE-F39E1E753107}.Debug|x86.ActiveCfg = Debug|x64
		{D27A4FFC-EF52-42D1-A5AE-F39E1E753107}.Release_Delay_Sign|Any CPU.ActiveCfg = Release|x64
		{D27A4FFC-EF52-42D1-A5AE-F39E1E753107}.Release_Delay_Sign|Any CPU.Build.0 = Release|x64
		{D27A4FFC-EF52-42D1-A5AE-F39E1E753107}.Release_Delay_Sign|Any CPU.Deploy.0 = Release|x64
		{D27A4FFC-EF52-42D1-A5AE-F39E1E753107}.Release_Delay_Sign|ARM.ActiveCfg = Release|x64
		{D27A4FFC-EF52-42D1-A5AE-F39E1E753107}.Release_Delay_Sign|ARM.Build.0 = Release|x64
		{D27A4FFC-EF52-42D1-A5AE-F39E1E753107}.Release_Delay_Sign|ARM.Deploy.0 = Release|x64
		{D27A4FFC-EF52-42D1-A5AE-F39E1E753107}.Release_Delay_Sign|x64.ActiveCfg = Release|x64
		{D27A4FFC-EF52-42D1-A5AE-F39E1E753107}.Release_Delay_Sign|x64.Build.0 = Release|x64
		{D27A4FFC-EF52-42D1-A5AE-F39E1E753107}.Release_Delay_Sign|x64.Deploy.0 = Release|x64
		{D27A4FFC-EF52-42D1-A5AE-F39E1E753107}.Release_Delay_Sign|x86.ActiveCfg = Release|x64
		{D27A4FFC-EF52-42D1-A5AE-F39E1E753107}.Release_Delay_Sign|x86.Build.0 = Release|x64
		{D27A4FFC-EF52-42D1-A5AE-F39E1E753107}.Release_Delay_Sign|x86.Deploy.0 = Release|x64
		{D27A4FFC-EF52-42D1-A5AE-F39E1E753107}.Release|Any CPU.ActiveCfg = Release|x64
		{D27A4FFC-EF52-42D1-A5AE-F39E1E753107}.Release|ARM.ActiveCfg = Release|x64
		{D27A4FFC-EF52-42D1-A5AE-F39E1E753107}.Release|x64.ActiveCfg = Release|x64
		{D27A4FFC-EF52-42D1-A5AE-F39E1E753107}.Release|x64.Build.0 = Release|x64
		{D27A4FFC-EF52-42D1-A5AE-F39E1E753107}.Release|x64.Deploy.0 = Release|x64
		{D27A4FFC-EF52-42D1-A5AE-F39E1E753107}.Release|x86.ActiveCfg = Release|x64
		{97A1FE61-5CCC-436C-AAF2-B1B3E5642029}.Debug|Any CPU.ActiveCfg = Debug|x64
		{97A1FE61-5CCC-436C-AAF2-B1B3E5642029}.Debug|ARM.ActiveCfg = Debug|x64
		{97A1FE61-5CCC-436C-AAF2-B1B3E5642029}.Debug|x64.ActiveCfg = Debug|x64
		{97A1FE61-5CCC-436C-AAF2-B1B3E5642029}.Debug|x64.Build.0 = Debug|x64
		{97A1FE61-5CCC-436C-AAF2-B1B3E5642029}.Debug|x86.ActiveCfg = Debug|x64
		{97A1FE61-5CCC-436C-AAF2-B1B3E5642029}.Release_Delay_Sign|Any CPU.ActiveCfg = Release|x64
		{97A1FE61-5CCC-436C-AAF2-B1B3E5642029}.Release_Delay_Sign|Any CPU.Build.0 = Release|x64
		{97A1FE61-5CCC-436C-AAF2-B1B3E5642029}.Release_Delay_Sign|ARM.ActiveCfg = Release|x64
		{97A1FE61-5CCC-436C-AAF2-B1B3E5642029}.Release_Delay_Sign|ARM.Build.0 = Release|x64
		{97A1FE61-5CCC-436C-AAF2-B1B3E5642029}.Release_Delay_Sign|x64.ActiveCfg = Release|x64
		{97A1FE61-5CCC-436C-AAF2-B1B3E5642029}.Release_Delay_Sign|x64.Build.0 = Release|x64
		{97A1FE61-5CCC-436C-AAF2-B1B3E5642029}.Release_Delay_Sign|x86.ActiveCfg = Release|x64
		{97A1FE61-5CCC-436C-AAF2-B1B3E5642029}.Release_Delay_Sign|x86.Build.0 = Release|x64
		{97A1FE61-5CCC-436C-AAF2-B1B3E5642029}.Release|Any CPU.ActiveCfg = Release|x64
		{97A1FE61-5CCC-436C-AAF2-B1B3E5642029}.Release|ARM.ActiveCfg = Release|x64
		{97A1FE61-5CCC-436C-AAF2-B1B3E5642029}.Release|x64.ActiveCfg = Release|x64
		{97A1FE61-5CCC-436C-AAF2-B1B3E5642029}.Release|x64.Build.0 = Release|x64
		{97A1FE61-5CCC-436C-AAF2-B1B3E5642029}.Release|x86.ActiveCfg = Release|x64
		{844657BF-DC56-41FC-B9DA-A74C21793485}.Debug|Any CPU.ActiveCfg = Debug|x64
		{844657BF-DC56-41FC-B9DA-A74C21793485}.Debug|ARM.ActiveCfg = Debug|x64
		{844657BF-DC56-41FC-B9DA-A74C21793485}.Debug|x64.ActiveCfg = Debug|x64
		{844657BF-DC56-41FC-B9DA-A74C21793485}.Debug|x64.Build.0 = Debug|x64
		{844657BF-DC56-41FC-B9DA-A74C21793485}.Debug|x86.ActiveCfg = Debug|x64
		{844657BF-DC56-41FC-B9DA-A74C21793485}.Release_Delay_Sign|Any CPU.ActiveCfg = Release|x64
		{844657BF-DC56-41FC-B9DA-A74C21793485}.Release_Delay_Sign|Any CPU.Build.0 = Release|x64
		{844657BF-DC56-41FC-B9DA-A74C21793485}.Release_Delay_Sign|ARM.ActiveCfg = Release|x64
		{844657BF-DC56-41FC-B9DA-A74C21793485}.Release_Delay_Sign|ARM.Build.0 = Release|x64
		{844657BF-DC56-41FC-B9DA-A74C21793485}.Release_Delay_Sign|x64.ActiveCfg = Release|x64
		{844657BF-DC56-41FC-B9DA-A74C21793485}.Release_Delay_Sign|x64.Build.0 = Release|x64
		{844657BF-DC56-41FC-B9DA-A74C21793485}.Release_Delay_Sign|x86.ActiveCfg = Release|x64
		{844657BF-DC56-41FC-B9DA-A74C21793485}.Release_Delay_Sign|x86.Build.0 = Release|x64
		{844657BF-DC56-41FC-B9DA-A74C21793485}.Release|Any CPU.ActiveCfg = Release|x64
		{844657BF-DC56-41FC-B9DA-A74C21793485}.Release|ARM.ActiveCfg = Release|x64
		{844657BF-DC56-41FC-B9DA-A74C21793485}.Release|x64.ActiveCfg = Release|x64
		{844657BF-DC56-41FC-B9DA-A74C21793485}.Release|x64.Build.0 = Release|x64
		{844657BF-DC56-41FC-B9DA-A74C21793485}.Release|x86.ActiveCfg = Release|x64
	EndGlobalSection
	GlobalSection(SolutionProperties) = preSolution
		HideSolutionNode = FALSE
	EndGlobalSection
EndGlobal
